
Microsoft Visual Studio Solution File, Format Version 12.00
# Visual Studio Version 17
VisualStudioVersion = 17.11.35431.28
MinimumVisualStudioVersion = 10.0.40219.1
Project("{FAE04EC0-301F-11D3-BF4B-00C04F79EFBC}") = "Game31", "Game31\Game31.csproj", "{4908FB03-C572-4FAF-8D7B-64F2823738CE}"
EndProject
Global
	GlobalSection(SolutionConfigurationPlatforms) = preSolution
		Debug|Any CPU = Debug|Any CPU
		Release|Any CPU = Release|Any CPU
	EndGlobalSection
	GlobalSection(ProjectConfigurationPlatforms) = postSolution
		{4908FB03-C572-4FAF-8D7B-64F2823738CE}.Debug|Any CPU.ActiveCfg = Debug|Any CPU
		{4908FB03-C572-4FAF-8D7B-64F2823738CE}.Debug|Any CPU.Build.0 = Debug|Any CPU
		{4908FB03-C572-4FAF-8D7B-64F2823738CE}.Release|Any CPU.ActiveCfg = Release|Any CPU
		{4908FB03-C572-4FAF-8D7B-64F2823738CE}.Release|Any CPU.Build.0 = Release|Any CPU
	EndGlobalSection
	GlobalSection(SolutionProperties) = preSolution
		HideSolutionNode = FALSE
	EndGlobalSection
	GlobalSection(ExtensibilityGlobals) = postSolution
		SolutionGuid = {1098606E-AC1A-493D-B688-78311DBFB89D}
	EndGlobalSection
EndGlobal
